// !$*UTF8*$!
{
	archiveVersion = 1;
	classes = {
	};
	objectVersion = 51;
	objects = {

/* Begin PBXBuildFile section */
		2CC6B3CA478D96894C5806A1 /* Pods_FlixMovie2Tests.framework in Frameworks */ = {isa = PBXBuildFile; fileRef = FA453F3F24217965E8D888AF /* Pods_FlixMovie2Tests.framework */; };
		308410343405BBACB6C74B54 /* Pods_FlixMovie2.framework in Frameworks */ = {isa = PBXBuildFile; fileRef = 626FEDD3468E07DB65E1699B /* Pods_FlixMovie2.framework */; };
		506D5564AF917797A983B9C4 /* Pods_FlixMovie2_FlixMovie2UITests.framework in Frameworks */ = {isa = PBXBuildFile; fileRef = 48FB68560D170AD7AADF9EFB /* Pods_FlixMovie2_FlixMovie2UITests.framework */; };
		701F38492410A9F60009D4F4 /* AppDelegate.swift in Sources */ = {isa = PBXBuildFile; fileRef = 701F38482410A9F60009D4F4 /* AppDelegate.swift */; };
		701F384B2410A9F60009D4F4 /* SceneDelegate.swift in Sources */ = {isa = PBXBuildFile; fileRef = 701F384A2410A9F60009D4F4 /* SceneDelegate.swift */; };
		701F38502410A9F60009D4F4 /* Main.storyboard in Resources */ = {isa = PBXBuildFile; fileRef = 701F384E2410A9F60009D4F4 /* Main.storyboard */; };
		701F38522410A9FF0009D4F4 /* Assets.xcassets in Resources */ = {isa = PBXBuildFile; fileRef = 701F38512410A9FF0009D4F4 /* Assets.xcassets */; };
		701F38552410A9FF0009D4F4 /* LaunchScreen.storyboard in Resources */ = {isa = PBXBuildFile; fileRef = 701F38532410A9FF0009D4F4 /* LaunchScreen.storyboard */; };
		701F38602410A9FF0009D4F4 /* FlixMovie2Tests.swift in Sources */ = {isa = PBXBuildFile; fileRef = 701F385F2410A9FF0009D4F4 /* FlixMovie2Tests.swift */; };
		701F386B2410AA000009D4F4 /* FlixMovie2UITests.swift in Sources */ = {isa = PBXBuildFile; fileRef = 701F386A2410AA000009D4F4 /* FlixMovie2UITests.swift */; };
		701F38792410AC480009D4F4 /* MoviesViewController.swift in Sources */ = {isa = PBXBuildFile; fileRef = 701F38782410AC480009D4F4 /* MoviesViewController.swift */; };
		701F387B2411929F0009D4F4 /* MovieCell.swift in Sources */ = {isa = PBXBuildFile; fileRef = 701F387A2411929F0009D4F4 /* MovieCell.swift */; };
		70505022244A3A8F007D39D1 /* MovieDetailsViewController.swift in Sources */ = {isa = PBXBuildFile; fileRef = 70505021244A3A8F007D39D1 /* MovieDetailsViewController.swift */; };
		70505024244A4F7B007D39D1 /* MovieGridViewController.swift in Sources */ = {isa = PBXBuildFile; fileRef = 70505023244A4F7B007D39D1 /* MovieGridViewController.swift */; };
		70505026244A54E2007D39D1 /* MovieGridController.swift in Sources */ = {isa = PBXBuildFile; fileRef = 70505025244A54E2007D39D1 /* MovieGridController.swift */; };
		70505028244A5839007D39D1 /* MovieGridCell.swift in Sources */ = {isa = PBXBuildFile; fileRef = 70505027244A5839007D39D1 /* MovieGridCell.swift */; };
/* End PBXBuildFile section */

/* Begin PBXContainerItemProxy section */
		701F385C2410A9FF0009D4F4 /* PBXContainerItemProxy */ = {
			isa = PBXContainerItemProxy;
			containerPortal = 701F383D2410A9F60009D4F4 /* Project object */;
			proxyType = 1;
			remoteGlobalIDString = 701F38442410A9F60009D4F4;
			remoteInfo = FlixMovie2;
		};
		701F38672410AA000009D4F4 /* PBXContainerItemProxy */ = {
			isa = PBXContainerItemProxy;
			containerPortal = 701F383D2410A9F60009D4F4 /* Project object */;
			proxyType = 1;
			remoteGlobalIDString = 701F38442410A9F60009D4F4;
			remoteInfo = FlixMovie2;
		};
/* End PBXContainerItemProxy section */

/* Begin PBXFileReference section */
		35B010010D0F0A50DC4FBAC3 /* Pods-FlixMovie2Tests.release.xcconfig */ = {isa = PBXFileReference; includeInIndex = 1; lastKnownFileType = text.xcconfig; name = "Pods-FlixMovie2Tests.release.xcconfig"; path = "Target Support Files/Pods-FlixMovie2Tests/Pods-FlixMovie2Tests.release.xcconfig"; sourceTree = "<group>"; };
		48FB68560D170AD7AADF9EFB /* Pods_FlixMovie2_FlixMovie2UITests.framework */ = {isa = PBXFileReference; explicitFileType = wrapper.framework; includeInIndex = 0; path = Pods_FlixMovie2_FlixMovie2UITests.framework; sourceTree = BUILT_PRODUCTS_DIR; };
		4FA74839F43D5CE14E41640D /* Pods-FlixMovie2.debug.xcconfig */ = {isa = PBXFileReference; includeInIndex = 1; lastKnownFileType = text.xcconfig; name = "Pods-FlixMovie2.debug.xcconfig"; path = "Target Support Files/Pods-FlixMovie2/Pods-FlixMovie2.debug.xcconfig"; sourceTree = "<group>"; };
		4FA8C2D2F5F35AC5878EE827 /* Pods-FlixMovie2-FlixMovie2UITests.release.xcconfig */ = {isa = PBXFileReference; includeInIndex = 1; lastKnownFileType = text.xcconfig; name = "Pods-FlixMovie2-FlixMovie2UITests.release.xcconfig"; path = "Target Support Files/Pods-FlixMovie2-FlixMovie2UITests/Pods-FlixMovie2-FlixMovie2UITests.release.xcconfig"; sourceTree = "<group>"; };
		626FEDD3468E07DB65E1699B /* Pods_FlixMovie2.framework */ = {isa = PBXFileReference; explicitFileType = wrapper.framework; includeInIndex = 0; path = Pods_FlixMovie2.framework; sourceTree = BUILT_PRODUCTS_DIR; };
		701F38452410A9F60009D4F4 /* FlixMovie2.app */ = {isa = PBXFileReference; explicitFileType = wrapper.application; includeInIndex = 0; path = FlixMovie2.app; sourceTree = BUILT_PRODUCTS_DIR; };
		701F38482410A9F60009D4F4 /* AppDelegate.swift */ = {isa = PBXFileReference; lastKnownFileType = sourcecode.swift; path = AppDelegate.swift; sourceTree = "<group>"; };
		701F384A2410A9F60009D4F4 /* SceneDelegate.swift */ = {isa = PBXFileReference; lastKnownFileType = sourcecode.swift; path = SceneDelegate.swift; sourceTree = "<group>"; };
		701F384F2410A9F60009D4F4 /* Base */ = {isa = PBXFileReference; lastKnownFileType = file.storyboard; name = Base; path = Base.lproj/Main.storyboard; sourceTree = "<group>"; };
		701F38512410A9FF0009D4F4 /* Assets.xcassets */ = {isa = PBXFileReference; lastKnownFileType = folder.assetcatalog; path = Assets.xcassets; sourceTree = "<group>"; };
		701F38542410A9FF0009D4F4 /* Base */ = {isa = PBXFileReference; lastKnownFileType = file.storyboard; name = Base; path = Base.lproj/LaunchScreen.storyboard; sourceTree = "<group>"; };
		701F38562410A9FF0009D4F4 /* Info.plist */ = {isa = PBXFileReference; lastKnownFileType = text.plist.xml; path = Info.plist; sourceTree = "<group>"; };
		701F385B2410A9FF0009D4F4 /* FlixMovie2Tests.xctest */ = {isa = PBXFileReference; explicitFileType = wrapper.cfbundle; includeInIndex = 0; path = FlixMovie2Tests.xctest; sourceTree = BUILT_PRODUCTS_DIR; };
		701F385F2410A9FF0009D4F4 /* FlixMovie2Tests.swift */ = {isa = PBXFileReference; lastKnownFileType = sourcecode.swift; path = FlixMovie2Tests.swift; sourceTree = "<group>"; };
		701F38612410A9FF0009D4F4 /* Info.plist */ = {isa = PBXFileReference; lastKnownFileType = text.plist.xml; path = Info.plist; sourceTree = "<group>"; };
		701F38662410AA000009D4F4 /* FlixMovie2UITests.xctest */ = {isa = PBXFileReference; explicitFileType = wrapper.cfbundle; includeInIndex = 0; path = FlixMovie2UITests.xctest; sourceTree = BUILT_PRODUCTS_DIR; };
		701F386A2410AA000009D4F4 /* FlixMovie2UITests.swift */ = {isa = PBXFileReference; lastKnownFileType = sourcecode.swift; path = FlixMovie2UITests.swift; sourceTree = "<group>"; };
		701F386C2410AA000009D4F4 /* Info.plist */ = {isa = PBXFileReference; lastKnownFileType = text.plist.xml; path = Info.plist; sourceTree = "<group>"; };
		701F38782410AC480009D4F4 /* MoviesViewController.swift */ = {isa = PBXFileReference; lastKnownFileType = sourcecode.swift; path = MoviesViewController.swift; sourceTree = "<group>"; };
		701F387A2411929F0009D4F4 /* MovieCell.swift */ = {isa = PBXFileReference; lastKnownFileType = sourcecode.swift; path = MovieCell.swift; sourceTree = "<group>"; };
		70505021244A3A8F007D39D1 /* MovieDetailsViewController.swift */ = {isa = PBXFileReference; lastKnownFileType = sourcecode.swift; path = MovieDetailsViewController.swift; sourceTree = "<group>"; };
		70505023244A4F7B007D39D1 /* MovieGridViewController.swift */ = {isa = PBXFileReference; lastKnownFileType = sourcecode.swift; path = MovieGridViewController.swift; sourceTree = "<group>"; };
		70505025244A54E2007D39D1 /* MovieGridController.swift */ = {isa = PBXFileReference; lastKnownFileType = sourcecode.swift; path = MovieGridController.swift; sourceTree = "<group>"; };
		70505027244A5839007D39D1 /* MovieGridCell.swift */ = {isa = PBXFileReference; lastKnownFileType = sourcecode.swift; path = MovieGridCell.swift; sourceTree = "<group>"; };
		750B59FFF31EC9E43756779F /* Pods-FlixMovie2-FlixMovie2UITests.debug.xcconfig */ = {isa = PBXFileReference; includeInIndex = 1; lastKnownFileType = text.xcconfig; name = "Pods-FlixMovie2-FlixMovie2UITests.debug.xcconfig"; path = "Target Support Files/Pods-FlixMovie2-FlixMovie2UITests/Pods-FlixMovie2-FlixMovie2UITests.debug.xcconfig"; sourceTree = "<group>"; };
		AD412AE52696F0D8A9C2B3E1 /* Pods-FlixMovie2Tests.debug.xcconfig */ = {isa = PBXFileReference; includeInIndex = 1; lastKnownFileType = text.xcconfig; name = "Pods-FlixMovie2Tests.debug.xcconfig"; path = "Target Support Files/Pods-FlixMovie2Tests/Pods-FlixMovie2Tests.debug.xcconfig"; sourceTree = "<group>"; };
		BFAD95CE54C937D50E8E7483 /* Pods-FlixMovie2.release.xcconfig */ = {isa = PBXFileReference; includeInIndex = 1; lastKnownFileType = text.xcconfig; name = "Pods-FlixMovie2.release.xcconfig"; path = "Target Support Files/Pods-FlixMovie2/Pods-FlixMovie2.release.xcconfig"; sourceTree = "<group>"; };
		FA453F3F24217965E8D888AF /* Pods_FlixMovie2Tests.framework */ = {isa = PBXFileReference; explicitFileType = wrapper.framework; includeInIndex = 0; path = Pods_FlixMovie2Tests.framework; sourceTree = BUILT_PRODUCTS_DIR; };
/* End PBXFileReference section */

/* Begin PBXFrameworksBuildPhase section */
		701F38422410A9F60009D4F4 /* Frameworks */ = {
			isa = PBXFrameworksBuildPhase;
			buildActionMask = 2147483647;
			files = (
				308410343405BBACB6C74B54 /* Pods_FlixMovie2.framework in Frameworks */,
			);
			runOnlyForDeploymentPostprocessing = 0;
		};
		701F38582410A9FF0009D4F4 /* Frameworks */ = {
			isa = PBXFrameworksBuildPhase;
			buildActionMask = 2147483647;
			files = (
				2CC6B3CA478D96894C5806A1 /* Pods_FlixMovie2Tests.framework in Frameworks */,
			);
			runOnlyForDeploymentPostprocessing = 0;
		};
		701F38632410AA000009D4F4 /* Frameworks */ = {
			isa = PBXFrameworksBuildPhase;
			buildActionMask = 2147483647;
			files = (
				506D5564AF917797A983B9C4 /* Pods_FlixMovie2_FlixMovie2UITests.framework in Frameworks */,
			);
			runOnlyForDeploymentPostprocessing = 0;
		};
/* End PBXFrameworksBuildPhase section */

/* Begin PBXGroup section */
		30F38FFF0DDF74198DED7145 /* Frameworks */ = {
			isa = PBXGroup;
			children = (
				626FEDD3468E07DB65E1699B /* Pods_FlixMovie2.framework */,
				48FB68560D170AD7AADF9EFB /* Pods_FlixMovie2_FlixMovie2UITests.framework */,
				FA453F3F24217965E8D888AF /* Pods_FlixMovie2Tests.framework */,
			);
			name = Frameworks;
			sourceTree = "<group>";
		};
		491AF4070F6063FE3675BFCB /* Pods */ = {
			isa = PBXGroup;
			children = (
				4FA74839F43D5CE14E41640D /* Pods-FlixMovie2.debug.xcconfig */,
				BFAD95CE54C937D50E8E7483 /* Pods-FlixMovie2.release.xcconfig */,
				750B59FFF31EC9E43756779F /* Pods-FlixMovie2-FlixMovie2UITests.debug.xcconfig */,
				4FA8C2D2F5F35AC5878EE827 /* Pods-FlixMovie2-FlixMovie2UITests.release.xcconfig */,
				AD412AE52696F0D8A9C2B3E1 /* Pods-FlixMovie2Tests.debug.xcconfig */,
				35B010010D0F0A50DC4FBAC3 /* Pods-FlixMovie2Tests.release.xcconfig */,
			);
			path = Pods;
			sourceTree = "<group>";
		};
		701F383C2410A9F60009D4F4 = {
			isa = PBXGroup;
			children = (
				701F38472410A9F60009D4F4 /* FlixMovie2 */,
				701F385E2410A9FF0009D4F4 /* FlixMovie2Tests */,
				701F38692410AA000009D4F4 /* FlixMovie2UITests */,
				701F38462410A9F60009D4F4 /* Products */,
				491AF4070F6063FE3675BFCB /* Pods */,
				30F38FFF0DDF74198DED7145 /* Frameworks */,
			);
			sourceTree = "<group>";
		};
		701F38462410A9F60009D4F4 /* Products */ = {
			isa = PBXGroup;
			children = (
				701F38452410A9F60009D4F4 /* FlixMovie2.app */,
				701F385B2410A9FF0009D4F4 /* FlixMovie2Tests.xctest */,
				701F38662410AA000009D4F4 /* FlixMovie2UITests.xctest */,
			);
			name = Products;
			sourceTree = "<group>";
		};
		701F38472410A9F60009D4F4 /* FlixMovie2 */ = {
			isa = PBXGroup;
			children = (
				701F38482410A9F60009D4F4 /* AppDelegate.swift */,
				701F384A2410A9F60009D4F4 /* SceneDelegate.swift */,
				701F384E2410A9F60009D4F4 /* Main.storyboard */,
				701F387A2411929F0009D4F4 /* MovieCell.swift */,
				701F38512410A9FF0009D4F4 /* Assets.xcassets */,
				701F38532410A9FF0009D4F4 /* LaunchScreen.storyboard */,
				701F38562410A9FF0009D4F4 /* Info.plist */,
				701F38782410AC480009D4F4 /* MoviesViewController.swift */,
				70505021244A3A8F007D39D1 /* MovieDetailsViewController.swift */,
				70505023244A4F7B007D39D1 /* MovieGridViewController.swift */,
				70505025244A54E2007D39D1 /* MovieGridController.swift */,
				70505027244A5839007D39D1 /* MovieGridCell.swift */,
			);
			path = FlixMovie2;
			sourceTree = "<group>";
		};
		701F385E2410A9FF0009D4F4 /* FlixMovie2Tests */ = {
			isa = PBXGroup;
			children = (
				701F385F2410A9FF0009D4F4 /* FlixMovie2Tests.swift */,
				701F38612410A9FF0009D4F4 /* Info.plist */,
			);
			path = FlixMovie2Tests;
			sourceTree = "<group>";
		};
		701F38692410AA000009D4F4 /* FlixMovie2UITests */ = {
			isa = PBXGroup;
			children = (
				701F386A2410AA000009D4F4 /* FlixMovie2UITests.swift */,
				701F386C2410AA000009D4F4 /* Info.plist */,
			);
			path = FlixMovie2UITests;
			sourceTree = "<group>";
		};
/* End PBXGroup section */

/* Begin PBXNativeTarget section */
		701F38442410A9F60009D4F4 /* FlixMovie2 */ = {
			isa = PBXNativeTarget;
			buildConfigurationList = 701F386F2410AA000009D4F4 /* Build configuration list for PBXNativeTarget "FlixMovie2" */;
			buildPhases = (
				6260D8CB88A5C99C02B17ACB /* [CP] Check Pods Manifest.lock */,
				701F38412410A9F60009D4F4 /* Sources */,
				701F38422410A9F60009D4F4 /* Frameworks */,
				701F38432410A9F60009D4F4 /* Resources */,
				B723020E6F6D1379D4BA8410 /* [CP] Embed Pods Frameworks */,
			);
			buildRules = (
			);
			dependencies = (
			);
			name = FlixMovie2;
			productName = FlixMovie2;
			productReference = 701F38452410A9F60009D4F4 /* FlixMovie2.app */;
			productType = "com.apple.product-type.application";
		};
		701F385A2410A9FF0009D4F4 /* FlixMovie2Tests */ = {
			isa = PBXNativeTarget;
			buildConfigurationList = 701F38722410AA000009D4F4 /* Build configuration list for PBXNativeTarget "FlixMovie2Tests" */;
			buildPhases = (
				B68F63EABD4F70CF1CF29F05 /* [CP] Check Pods Manifest.lock */,
				701F38572410A9FF0009D4F4 /* Sources */,
				701F38582410A9FF0009D4F4 /* Frameworks */,
				701F38592410A9FF0009D4F4 /* Resources */,
			);
			buildRules = (
			);
			dependencies = (
				701F385D2410A9FF0009D4F4 /* PBXTargetDependency */,
			);
			name = FlixMovie2Tests;
			productName = FlixMovie2Tests;
			productReference = 701F385B2410A9FF0009D4F4 /* FlixMovie2Tests.xctest */;
			productType = "com.apple.product-type.bundle.unit-test";
		};
		701F38652410AA000009D4F4 /* FlixMovie2UITests */ = {
			isa = PBXNativeTarget;
			buildConfigurationList = 701F38752410AA000009D4F4 /* Build configuration list for PBXNativeTarget "FlixMovie2UITests" */;
			buildPhases = (
				9E5B5C66C7ED82632C2ADA99 /* [CP] Check Pods Manifest.lock */,
				701F38622410AA000009D4F4 /* Sources */,
				701F38632410AA000009D4F4 /* Frameworks */,
				701F38642410AA000009D4F4 /* Resources */,
				6C8AE67B291148ECB69FCC51 /* [CP] Embed Pods Frameworks */,
			);
			buildRules = (
			);
			dependencies = (
				701F38682410AA000009D4F4 /* PBXTargetDependency */,
			);
			name = FlixMovie2UITests;
			productName = FlixMovie2UITests;
			productReference = 701F38662410AA000009D4F4 /* FlixMovie2UITests.xctest */;
			productType = "com.apple.product-type.bundle.ui-testing";
		};
/* End PBXNativeTarget section */

/* Begin PBXProject section */
		701F383D2410A9F60009D4F4 /* Project object */ = {
			isa = PBXProject;
			attributes = {
				LastSwiftUpdateCheck = 1130;
				LastUpgradeCheck = 1130;
				ORGANIZATIONNAME = "Timothy Stewart";
				TargetAttributes = {
					701F38442410A9F60009D4F4 = {
						CreatedOnToolsVersion = 11.3.1;
					};
					701F385A2410A9FF0009D4F4 = {
						CreatedOnToolsVersion = 11.3.1;
						TestTargetID = 701F38442410A9F60009D4F4;
					};
					701F38652410AA000009D4F4 = {
						CreatedOnToolsVersion = 11.3.1;
						TestTargetID = 701F38442410A9F60009D4F4;
					};
				};
			};
			buildConfigurationList = 701F38402410A9F60009D4F4 /* Build configuration list for PBXProject "FlixMovie2" */;
			compatibilityVersion = "Xcode 9.3";
			developmentRegion = en;
			hasScannedForEncodings = 0;
			knownRegions = (
				en,
				Base,
			);
			mainGroup = 701F383C2410A9F60009D4F4;
			productRefGroup = 701F38462410A9F60009D4F4 /* Products */;
			projectDirPath = "";
			projectRoot = "";
			targets = (
				701F38442410A9F60009D4F4 /* FlixMovie2 */,
				701F385A2410A9FF0009D4F4 /* FlixMovie2Tests */,
				701F38652410AA000009D4F4 /* FlixMovie2UITests */,
			);
		};
/* End PBXProject section */

/* Begin PBXResourcesBuildPhase section */
		701F38432410A9F60009D4F4 /* Resources */ = {
			isa = PBXResourcesBuildPhase;
			buildActionMask = 2147483647;
			files = (
				701F38552410A9FF0009D4F4 /* LaunchScreen.storyboard in Resources */,
				701F38522410A9FF0009D4F4 /* Assets.xcassets in Resources */,
				701F38502410A9F60009D4F4 /* Main.storyboard in Resources */,
			);
			runOnlyForDeploymentPostprocessing = 0;
		};
		701F38592410A9FF0009D4F4 /* Resources */ = {
			isa = PBXResourcesBuildPhase;
			buildActionMask = 2147483647;
			files = (
			);
			runOnlyForDeploymentPostprocessing = 0;
		};
		701F38642410AA000009D4F4 /* Resources */ = {
			isa = PBXResourcesBuildPhase;
			buildActionMask = 2147483647;
			files = (
			);
			runOnlyForDeploymentPostprocessing = 0;
		};
/* End PBXResourcesBuildPhase section */

/* Begin PBXShellScriptBuildPhase section */
		6260D8CB88A5C99C02B17ACB /* [CP] Check Pods Manifest.lock */ = {
			isa = PBXShellScriptBuildPhase;
			buildActionMask = 2147483647;
			files = (
			);
			inputFileListPaths = (
			);
			inputPaths = (
				"${PODS_PODFILE_DIR_PATH}/Podfile.lock",
				"${PODS_ROOT}/Manifest.lock",
			);
			name = "[CP] Check Pods Manifest.lock";
			outputFileListPaths = (
			);
			outputPaths = (
				"$(DERIVED_FILE_DIR)/Pods-FlixMovie2-checkManifestLockResult.txt",
			);
			runOnlyForDeploymentPostprocessing = 0;
			shellPath = /bin/sh;
			shellScript = "diff \"${PODS_PODFILE_DIR_PATH}/Podfile.lock\" \"${PODS_ROOT}/Manifest.lock\" > /dev/null\nif [ $? != 0 ] ; then\n    # print error to STDERR\n    echo \"error: The sandbox is not in sync with the Podfile.lock. Run 'pod install' or update your CocoaPods installation.\" >&2\n    exit 1\nfi\n# This output is used by Xcode 'outputs' to avoid re-running this script phase.\necho \"SUCCESS\" > \"${SCRIPT_OUTPUT_FILE_0}\"\n";
			showEnvVarsInLog = 0;
		};
		6C8AE67B291148ECB69FCC51 /* [CP] Embed Pods Frameworks */ = {
			isa = PBXShellScriptBuildPhase;
			buildActionMask = 2147483647;
			files = (
			);
			inputFileListPaths = (
				"${PODS_ROOT}/Target Support Files/Pods-FlixMovie2-FlixMovie2UITests/Pods-FlixMovie2-FlixMovie2UITests-frameworks-${CONFIGURATION}-input-files.xcfilelist",
			);
			name = "[CP] Embed Pods Frameworks";
			outputFileListPaths = (
				"${PODS_ROOT}/Target Support Files/Pods-FlixMovie2-FlixMovie2UITests/Pods-FlixMovie2-FlixMovie2UITests-frameworks-${CONFIGURATION}-output-files.xcfilelist",
			);
			runOnlyForDeploymentPostprocessing = 0;
			shellPath = /bin/sh;
			shellScript = "\"${PODS_ROOT}/Target Support Files/Pods-FlixMovie2-FlixMovie2UITests/Pods-FlixMovie2-FlixMovie2UITests-frameworks.sh\"\n";
			showEnvVarsInLog = 0;
		};
		9E5B5C66C7ED82632C2ADA99 /* [CP] Check Pods Manifest.lock */ = {
			isa = PBXShellScriptBuildPhase;
			buildActionMask = 2147483647;
			files = (
			);
			inputFileListPaths = (
			);
			inputPaths = (
				"${PODS_PODFILE_DIR_PATH}/Podfile.lock",
				"${PODS_ROOT}/Manifest.lock",
			);
			name = "[CP] Check Pods Manifest.lock";
			outputFileListPaths = (
			);
			outputPaths = (
				"$(DERIVED_FILE_DIR)/Pods-FlixMovie2-FlixMovie2UITests-checkManifestLockResult.txt",
			);
			runOnlyForDeploymentPostprocessing = 0;
			shellPath = /bin/sh;
			shellScript = "diff \"${PODS_PODFILE_DIR_PATH}/Podfile.lock\" \"${PODS_ROOT}/Manifest.lock\" > /dev/null\nif [ $? != 0 ] ; then\n    # print error to STDERR\n    echo \"error: The sandbox is not in sync with the Podfile.lock. Run 'pod install' or update your CocoaPods installation.\" >&2\n    exit 1\nfi\n# This output is used by Xcode 'outputs' to avoid re-running this script phase.\necho \"SUCCESS\" > \"${SCRIPT_OUTPUT_FILE_0}\"\n";
			showEnvVarsInLog = 0;
		};
		B68F63EABD4F70CF1CF29F05 /* [CP] Check Pods Manifest.lock */ = {
			isa = PBXShellScriptBuildPhase;
			buildActionMask = 2147483647;
			files = (
			);
			inputFileListPaths = (
			);
			inputPaths = (
				"${PODS_PODFILE_DIR_PATH}/Podfile.lock",
				"${PODS_ROOT}/Manifest.lock",
			);
			name = "[CP] Check Pods Manifest.lock";
			outputFileListPaths = (
			);
			outputPaths = (
				"$(DERIVED_FILE_DIR)/Pods-FlixMovie2Tests-checkManifestLockResult.txt",
			);
			runOnlyForDeploymentPostprocessing = 0;
			shellPath = /bin/sh;
			shellScript = "diff \"${PODS_PODFILE_DIR_PATH}/Podfile.lock\" \"${PODS_ROOT}/Manifest.lock\" > /dev/null\nif [ $? != 0 ] ; then\n    # print error to STDERR\n    echo \"error: The sandbox is not in sync with the Podfile.lock. Run 'pod install' or update your CocoaPods installation.\" >&2\n    exit 1\nfi\n# This output is used by Xcode 'outputs' to avoid re-running this script phase.\necho \"SUCCESS\" > \"${SCRIPT_OUTPUT_FILE_0}\"\n";
			showEnvVarsInLog = 0;
		};
		B723020E6F6D1379D4BA8410 /* [CP] Embed Pods Frameworks */ = {
			isa = PBXShellScriptBuildPhase;
			buildActionMask = 2147483647;
			files = (
			);
			inputFileListPaths = (
				"${PODS_ROOT}/Target Support Files/Pods-FlixMovie2/Pods-FlixMovie2-frameworks-${CONFIGURATION}-input-files.xcfilelist",
			);
			name = "[CP] Embed Pods Frameworks";
			outputFileListPaths = (
				"${PODS_ROOT}/Target Support Files/Pods-FlixMovie2/Pods-FlixMovie2-frameworks-${CONFIGURATION}-output-files.xcfilelist",
			);
			runOnlyForDeploymentPostprocessing = 0;
			shellPath = /bin/sh;
			shellScript = "\"${PODS_ROOT}/Target Support Files/Pods-FlixMovie2/Pods-FlixMovie2-frameworks.sh\"\n";
			showEnvVarsInLog = 0;
		};
/* End PBXShellScriptBuildPhase section */

/* Begin PBXSourcesBuildPhase section */
		701F38412410A9F60009D4F4 /* Sources */ = {
			isa = PBXSourcesBuildPhase;
			buildActionMask = 2147483647;
			files = (
				70505026244A54E2007D39D1 /* MovieGridController.swift in Sources */,
				70505022244A3A8F007D39D1 /* MovieDetailsViewController.swift in Sources */,
				701F38492410A9F60009D4F4 /* AppDelegate.swift in Sources */,
				701F384B2410A9F60009D4F4 /* SceneDelegate.swift in Sources */,
				70505028244A5839007D39D1 /* MovieGridCell.swift in Sources */,
				701F387B2411929F0009D4F4 /* MovieCell.swift in Sources */,
				701F38792410AC480009D4F4 /* MoviesViewController.swift in Sources */,
				70505024244A4F7B007D39D1 /* MovieGridViewController.swift in Sources */,
			);
			runOnlyForDeploymentPostprocessing = 0;
		};
		701F38572410A9FF0009D4F4 /* Sources */ = {
			isa = PBXSourcesBuildPhase;
			buildActionMask = 2147483647;
			files = (
				701F38602410A9FF0009D4F4 /* FlixMovie2Tests.swift in Sources */,
			);
			runOnlyForDeploymentPostprocessing = 0;
		};
		701F38622410AA000009D4F4 /* Sources */ = {
			isa = PBXSourcesBuildPhase;
			buildActionMask = 2147483647;
			files = (
				701F386B2410AA000009D4F4 /* FlixMovie2UITests.swift in Sources */,
			);
			runOnlyForDeploymentPostprocessing = 0;
		};
/* End PBXSourcesBuildPhase section */

/* Begin PBXTargetDependency section */
		701F385D2410A9FF0009D4F4 /* PBXTargetDependency */ = {
			isa = PBXTargetDependency;
			target = 701F38442410A9F60009D4F4 /* FlixMovie2 */;
			targetProxy = 701F385C2410A9FF0009D4F4 /* PBXContainerItemProxy */;
		};
		701F38682410AA000009D4F4 /* PBXTargetDependency */ = {
			isa = PBXTargetDependency;
			target = 701F38442410A9F60009D4F4 /* FlixMovie2 */;
			targetProxy = 701F38672410AA000009D4F4 /* PBXContainerItemProxy */;
		};
/* End PBXTargetDependency section */

/* Begin PBXVariantGroup section */
		701F384E2410A9F60009D4F4 /* Main.storyboard */ = {
			isa = PBXVariantGroup;
			children = (
				701F384F2410A9F60009D4F4 /* Base */,
			);
			name = Main.storyboard;
			sourceTree = "<group>";
		};
		701F38532410A9FF0009D4F4 /* LaunchScreen.storyboard */ = {
			isa = PBXVariantGroup;
			children = (
				701F38542410A9FF0009D4F4 /* Base */,
			);
			name = LaunchScreen.storyboard;
			sourceTree = "<group>";
		};
/* End PBXVariantGroup section */

/* Begin XCBuildConfiguration section */
		701F386D2410AA000009D4F4 /* Debug */ = {
			isa = XCBuildConfiguration;
			buildSettings = {
				ALWAYS_SEARCH_USER_PATHS = NO;
				CLANG_ANALYZER_NONNULL = YES;
				CLANG_ANALYZER_NUMBER_OBJECT_CONVERSION = YES_AGGRESSIVE;
				CLANG_CXX_LANGUAGE_STANDARD = "gnu++14";
				CLANG_CXX_LIBRARY = "libc++";
				CLANG_ENABLE_MODULES = YES;
				CLANG_ENABLE_OBJC_ARC = YES;
				CLANG_ENABLE_OBJC_WEAK = YES;
				CLANG_WARN_BLOCK_CAPTURE_AUTORELEASING = YES;
				CLANG_WARN_BOOL_CONVERSION = YES;
				CLANG_WARN_COMMA = YES;
				CLANG_WARN_CONSTANT_CONVERSION = YES;
				CLANG_WARN_DEPRECATED_OBJC_IMPLEMENTATIONS = YES;
				CLANG_WARN_DIRECT_OBJC_ISA_USAGE = YES_ERROR;
				CLANG_WARN_DOCUMENTATION_COMMENTS = YES;
				CLANG_WARN_EMPTY_BODY = YES;
				CLANG_WARN_ENUM_CONVERSION = YES;
				CLANG_WARN_INFINITE_RECURSION = YES;
				CLANG_WARN_INT_CONVERSION = YES;
				CLANG_WARN_NON_LITERAL_NULL_CONVERSION = YES;
				CLANG_WARN_OBJC_IMPLICIT_RETAIN_SELF = YES;
				CLANG_WARN_OBJC_LITERAL_CONVERSION = YES;
				CLANG_WARN_OBJC_ROOT_CLASS = YES_ERROR;
				CLANG_WARN_RANGE_LOOP_ANALYSIS = YES;
				CLANG_WARN_STRICT_PROTOTYPES = YES;
				CLANG_WARN_SUSPICIOUS_MOVE = YES;
				CLANG_WARN_UNGUARDED_AVAILABILITY = YES_AGGRESSIVE;
				CLANG_WARN_UNREACHABLE_CODE = YES;
				CLANG_WARN__DUPLICATE_METHOD_MATCH = YES;
				COPY_PHASE_STRIP = NO;
				DEBUG_INFORMATION_FORMAT = dwarf;
				ENABLE_STRICT_OBJC_MSGSEND = YES;
				ENABLE_TESTABILITY = YES;
				GCC_C_LANGUAGE_STANDARD = gnu11;
				GCC_DYNAMIC_NO_PIC = NO;
				GCC_NO_COMMON_BLOCKS = YES;
				GCC_OPTIMIZATION_LEVEL = 0;
				GCC_PREPROCESSOR_DEFINITIONS = (
					"DEBUG=1",
					"$(inherited)",
				);
				GCC_WARN_64_TO_32_BIT_CONVERSION = YES;
				GCC_WARN_ABOUT_RETURN_TYPE = YES_ERROR;
				GCC_WARN_UNDECLARED_SELECTOR = YES;
				GCC_WARN_UNINITIALIZED_AUTOS = YES_AGGRESSIVE;
				GCC_WARN_UNUSED_FUNCTION = YES;
				GCC_WARN_UNUSED_VARIABLE = YES;
				IPHONEOS_DEPLOYMENT_TARGET = 13.2;
				MTL_ENABLE_DEBUG_INFO = INCLUDE_SOURCE;
				MTL_FAST_MATH = YES;
				ONLY_ACTIVE_ARCH = YES;
				SDKROOT = iphoneos;
				SWIFT_ACTIVE_COMPILATION_CONDITIONS = DEBUG;
				SWIFT_OPTIMIZATION_LEVEL = "-Onone";
			};
			name = Debug;
		};
		701F386E2410AA000009D4F4 /* Release */ = {
			isa = XCBuildConfiguration;
			buildSettings = {
				ALWAYS_SEARCH_USER_PATHS = NO;
				CLANG_ANALYZER_NONNULL = YES;
				CLANG_ANALYZER_NUMBER_OBJECT_CONVERSION = YES_AGGRESSIVE;
				CLANG_CXX_LANGUAGE_STANDARD = "gnu++14";
				CLANG_CXX_LIBRARY = "libc++";
				CLANG_ENABLE_MODULES = YES;
				CLANG_ENABLE_OBJC_ARC = YES;
				CLANG_ENABLE_OBJC_WEAK = YES;
				CLANG_WARN_BLOCK_CAPTURE_AUTORELEASING = YES;
				CLANG_WARN_BOOL_CONVERSION = YES;
				CLANG_WARN_COMMA = YES;
				CLANG_WARN_CONSTANT_CONVERSION = YES;
				CLANG_WARN_DEPRECATED_OBJC_IMPLEMENTATIONS = YES;
				CLANG_WARN_DIRECT_OBJC_ISA_USAGE = YES_ERROR;
				CLANG_WARN_DOCUMENTATION_COMMENTS = YES;
				CLANG_WARN_EMPTY_BODY = YES;
				CLANG_WARN_ENUM_CONVERSION = YES;
				CLANG_WARN_INFINITE_RECURSION = YES;
				CLANG_WARN_INT_CONVERSION = YES;
				CLANG_WARN_NON_LITERAL_NULL_CONVERSION = YES;
				CLANG_WARN_OBJC_IMPLICIT_RETAIN_SELF = YES;
				CLANG_WARN_OBJC_LITERAL_CONVERSION = YES;
				CLANG_WARN_OBJC_ROOT_CLASS = YES_ERROR;
				CLANG_WARN_RANGE_LOOP_ANALYSIS = YES;
				CLANG_WARN_STRICT_PROTOTYPES = YES;
				CLANG_WARN_SUSPICIOUS_MOVE = YES;
				CLANG_WARN_UNGUARDED_AVAILABILITY = YES_AGGRESSIVE;
				CLANG_WARN_UNREACHABLE_CODE = YES;
				CLANG_WARN__DUPLICATE_METHOD_MATCH = YES;
				COPY_PHASE_STRIP = NO;
				DEBUG_INFORMATION_FORMAT = "dwarf-with-dsym";
				ENABLE_NS_ASSERTIONS = NO;
				ENABLE_STRICT_OBJC_MSGSEND = YES;
				GCC_C_LANGUAGE_STANDARD = gnu11;
				GCC_NO_COMMON_BLOCKS = YES;
				GCC_WARN_64_TO_32_BIT_CONVERSION = YES;
				GCC_WARN_ABOUT_RETURN_TYPE = YES_ERROR;
				GCC_WARN_UNDECLARED_SELECTOR = YES;
				GCC_WARN_UNINITIALIZED_AUTOS = YES_AGGRESSIVE;
				GCC_WARN_UNUSED_FUNCTION = YES;
				GCC_WARN_UNUSED_VARIABLE = YES;
				IPHONEOS_DEPLOYMENT_TARGET = 13.2;
				MTL_ENABLE_DEBUG_INFO = NO;
				MTL_FAST_MATH = YES;
				SDKROOT = iphoneos;
				SWIFT_COMPILATION_MODE = wholemodule;
				SWIFT_OPTIMIZATION_LEVEL = "-O";
				VALIDATE_PRODUCT = YES;
			};
			name = Release;
		};
		701F38702410AA000009D4F4 /* Debug */ = {
			isa = XCBuildConfiguration;
			baseConfigurationReference = 4FA74839F43D5CE14E41640D /* Pods-FlixMovie2.debug.xcconfig */;
			buildSettings = {
				ASSETCATALOG_COMPILER_APPICON_NAME = AppIcon;
				CODE_SIGN_STYLE = Automatic;
				DEVELOPMENT_TEAM = AC2FV7H8GK;
				INFOPLIST_FILE = FlixMovie2/Info.plist;
				LD_RUNPATH_SEARCH_PATHS = (
					"$(inherited)",
					"@executable_path/Frameworks",
				);
				PRODUCT_BUNDLE_IDENTIFIER = codepath.FlixMovie2;
				PRODUCT_NAME = "$(TARGET_NAME)";
				SWIFT_VERSION = 5.0;
				TARGETED_DEVICE_FAMILY = "1,2";
			};
			name = Debug;
		};
		701F38712410AA000009D4F4 /* Release */ = {
			isa = XCBuildConfiguration;
			baseConfigurationReference = BFAD95CE54C937D50E8E7483 /* Pods-FlixMovie2.release.xcconfig */;
			buildSettings = {
				ASSETCATALOG_COMPILER_APPICON_NAME = AppIcon;
				CODE_SIGN_STYLE = Automatic;
				DEVELOPMENT_TEAM = AC2FV7H8GK;
				INFOPLIST_FILE = FlixMovie2/Info.plist;
				LD_RUNPATH_SEARCH_PATHS = (
					"$(inherited)",
					"@executable_path/Frameworks",
				);
				PRODUCT_BUNDLE_IDENTIFIER = codepath.FlixMovie2;
				PRODUCT_NAME = "$(TARGET_NAME)";
				SWIFT_VERSION = 5.0;
				TARGETED_DEVICE_FAMILY = "1,2";
			};
			name = Release;
		};
		701F38732410AA000009D4F4 /* Debug */ = {
			isa = XCBuildConfiguration;
			baseConfigurationReference = AD412AE52696F0D8A9C2B3E1 /* Pods-FlixMovie2Tests.debug.xcconfig */;
			buildSettings = {
				ALWAYS_EMBED_SWIFT_STANDARD_LIBRARIES = YES;
				BUNDLE_LOADER = "$(TEST_HOST)";
				CODE_SIGN_STYLE = Automatic;
				DEVELOPMENT_TEAM = AC2FV7H8GK;
				INFOPLIST_FILE = FlixMovie2Tests/Info.plist;
				IPHONEOS_DEPLOYMENT_TARGET = 13.2;
				LD_RUNPATH_SEARCH_PATHS = (
					"$(inherited)",
					"@executable_path/Frameworks",
					"@loader_path/Frameworks",
				);
				PRODUCT_BUNDLE_IDENTIFIER = codepath.FlixMovie2Tests;
				PRODUCT_NAME = "$(TARGET_NAME)";
				SWIFT_VERSION = 5.0;
				TARGETED_DEVICE_FAMILY = "1,2";
				TEST_HOST = "$(BUILT_PRODUCTS_DIR)/FlixMovie2.app/FlixMovie2";
			};
			name = Debug;
		};
		701F38742410AA000009D4F4 /* Release */ = {
			isa = XCBuildConfiguration;
			baseConfigurationReference = 35B010010D0F0A50DC4FBAC3 /* Pods-FlixMovie2Tests.release.xcconfig */;
			buildSettings = {
				ALWAYS_EMBED_SWIFT_STANDARD_LIBRARIES = YES;
				BUNDLE_LOADER = "$(TEST_HOST)";
				CODE_SIGN_STYLE = Automatic;
				DEVELOPMENT_TEAM = AC2FV7H8GK;
				INFOPLIST_FILE = FlixMovie2Tests/Info.plist;
				IPHONEOS_DEPLOYMENT_TARGET = 13.2;
				LD_RUNPATH_SEARCH_PATHS = (
					"$(inherited)",
					"@executable_path/Frameworks",
					"@loader_path/Frameworks",
				);
				PRODUCT_BUNDLE_IDENTIFIER = codepath.FlixMovie2Tests;
				PRODUCT_NAME = "$(TARGET_NAME)";
				SWIFT_VERSION = 5.0;
				TARGETED_DEVICE_FAMILY = "1,2";
				TEST_HOST = "$(BUILT_PRODUCTS_DIR)/FlixMovie2.app/FlixMovie2";
			};
			name = Release;
		};
		701F38762410AA000009D4F4 /* Debug */ = {
			isa = XCBuildConfiguration;
			baseConfigurationReference = 750B59FFF31EC9E43756779F /* Pods-FlixMovie2-FlixMovie2UITests.debug.xcconfig */;
			buildSettings = {
				ALWAYS_EMBED_SWIFT_STANDARD_LIBRARIES = YES;
				CODE_SIGN_STYLE = Automatic;
				DEVELOPMENT_TEAM = AC2FV7H8GK;
				INFOPLIST_FILE = FlixMovie2UITests/Info.plist;
				LD_RUNPATH_SEARCH_PATHS = (
					"$(inherited)",
					"@executable_path/Frameworks",
					"@loader_path/Frameworks",
				);
				PRODUCT_BUNDLE_IDENTIFIER = codepath.FlixMovie2UITests;
				PRODUCT_NAME = "$(TARGET_NAME)";
				SWIFT_VERSION = 5.0;
				TARGETED_DEVICE_FAMILY = "1,2";
				TEST_TARGET_NAME = FlixMovie2;
			};
			name = Debug;
		};
		701F38772410AA000009D4F4 /* Release */ = {
			isa = XCBuildConfiguration;
			baseConfigurationReference = 4FA8C2D2F5F35AC5878EE827 /* Pods-FlixMovie2-FlixMovie2UITests.release.xcconfig */;
			buildSettings = {
				ALWAYS_EMBED_SWIFT_STANDARD_LIBRARIES = YES;
				CODE_SIGN_STYLE = Automatic;
				DEVELOPMENT_TEAM = AC2FV7H8GK;
				INFOPLIST_FILE = FlixMovie2UITests/Info.plist;
				LD_RUNPATH_SEARCH_PATHS = (
					"$(inherited)",
					"@executable_path/Frameworks",
					"@loader_path/Frameworks",
				);
				PRODUCT_BUNDLE_IDENTIFIER = codepath.FlixMovie2UITests;
				PRODUCT_NAME = "$(TARGET_NAME)";
				SWIFT_VERSION = 5.0;
				TARGETED_DEVICE_FAMILY = "1,2";
				TEST_TARGET_NAME = FlixMovie2;
			};
			name = Release;
		};
/* End XCBuildConfiguration section */

/* Begin XCConfigurationList section */
		701F38402410A9F60009D4F4 /* Build configuration list for PBXProject "FlixMovie2" */ = {
			isa = XCConfigurationList;
			buildConfigurations = (
				701F386D2410AA000009D4F4 /* Debug */,
				701F386E2410AA000009D4F4 /* Release */,
			);
			defaultConfigurationIsVisible = 0;
			defaultConfigurationName = Release;
		};
		701F386F2410AA000009D4F4 /* Build configuration list for PBXNativeTarget "FlixMovie2" */ = {
			isa = XCConfigurationList;
			buildConfigurations = (
				701F38702410AA000009D4F4 /* Debug */,
				701F38712410AA000009D4F4 /* Release */,
			);
			defaultConfigurationIsVisible = 0;
			defaultConfigurationName = Release;
		};
		701F38722410AA000009D4F4 /* Build configuration list for PBXNativeTarget "FlixMovie2Tests" */ = {
			isa = XCConfigurationList;
			buildConfigurations = (
				701F38732410AA000009D4F4 /* Debug */,
				701F38742410AA000009D4F4 /* Release */,
			);
			defaultConfigurationIsVisible = 0;
			defaultConfigurationName = Release;
		};
		701F38752410AA000009D4F4 /* Build configuration list for PBXNativeTarget "FlixMovie2UITests" */ = {
			isa = XCConfigurationList;
			buildConfigurations = (
				701F38762410AA000009D4F4 /* Debug */,
				701F38772410AA000009D4F4 /* Release */,
			);
			defaultConfigurationIsVisible = 0;
			defaultConfigurationName = Release;
		};
/* End XCConfigurationList section */
	};
	rootObject = 701F383D2410A9F60009D4F4 /* Project object */;
}
